
Microsoft Visual Studio Solution File, Format Version 12.00
# Visual Studio Version 17
VisualStudioVersion = 17.5.002.0
MinimumVisualStudioVersion = 10.0.40219.1
Project("{9A19103F-16F7-4668-BE54-9A1E7A4F7556}") = "tftp", "tftp.csproj", "{AA1A5A91-173A-446B-A8D0-82C43FE2E901}"
EndProject
Global
	GlobalSection(SolutionConfigurationPlatforms) = preSolution
		Debug|Any CPU = Debug|Any CPU
		Release|Any CPU = Release|Any CPU
	EndGlobalSection
	GlobalSection(ProjectConfigurationPlatforms) = postSolution
		{AA1A5A91-173A-446B-A8D0-82C43FE2E901}.Debug|Any CPU.ActiveCfg = Debug|Any CPU
		{AA1A5A91-173A-446B-A8D0-82C43FE2E901}.Debug|Any CPU.Build.0 = Debug|Any CPU
		{AA1A5A91-173A-446B-A8D0-82C43FE2E901}.Release|Any CPU.ActiveCfg = Release|Any CPU
		{AA1A5A91-173A-446B-A8D0-82C43FE2E901}.Release|Any CPU.Build.0 = Release|Any CPU
	EndGlobalSection
	GlobalSection(SolutionProperties) = preSolution
		HideSolutionNode = FALSE
	EndGlobalSection
	GlobalSection(ExtensibilityGlobals) = postSolution
		SolutionGuid = {15BD2FB6-B519-4A98-80CF-69051F58BFCB}
	EndGlobalSection
EndGlobal
